
Microsoft Visual Studio Solution File, Format Version 11.00
# Visual Studio 2010
Project("{FAE04EC0-301F-11D3-BF4B-00C04F79EFBC}") = "Anteproyecto1", "Anteproyecto1\Anteproyecto1.csproj", "{60D48DDA-98A5-4165-A449-B10964877D98}"
EndProject
Project("{FAE04EC0-301F-11D3-BF4B-00C04F79EFBC}") = "Algoritmos", "DBSCAN\Algoritmos.csproj", "{84F5550A-BE84-41F6-A207-059C38E1E9BC}"
EndProject
Project("{FAE04EC0-301F-11D3-BF4B-00C04F79EFBC}") = "Documentos", "Documentos\Documentos.csproj", "{FA1BB080-3808-48F3-8B99-932FB15A0A3B}"
EndProject
Project("{FAE04EC0-301F-11D3-BF4B-00C04F79EFBC}") = "LogicaDeServicio", "D:\Solucion Minerva\LogicaDeServicio\LogicaDeServicio.csproj", "{64454AF4-A67C-4F7A-B267-AC3AE7179EFC}"
EndProject
Project("{FAE04EC0-301F-11D3-BF4B-00C04F79EFBC}") = "LogicaDeNegocio", "D:\Solucion Minerva\LogicaDeNegocio\LogicaDeNegocio.csproj", "{F71E3E9C-CD88-4ED1-847F-BD792674FCFF}"
EndProject
Project("{FAE04EC0-301F-11D3-BF4B-00C04F79EFBC}") = "minerva-search", "D:\Solucion Minerva\minerva-search\minerva-search.csproj", "{1691194F-E433-4A77-8A8C-17DBA3EFC841}"
EndProject
Project("{FAE04EC0-301F-11D3-BF4B-00C04F79EFBC}") = "Lucene.Net", "D:\Solucion Minerva\Apache-Lucene.Net-2.9.4g-incubating-RC1\src\core\Lucene.Net.csproj", "{5D4AD9BE-1FFB-41AB-9943-25737971BF57}"
EndProject
Project("{FAE04EC0-301F-11D3-BF4B-00C04F79EFBC}") = "Laboratorio", "D:\Solucion Minerva\Laboratorio\Laboratorio.csproj", "{58CCB801-C23A-45A0-B60E-295053833DFE}"
EndProject
Global
	GlobalSection(SolutionConfigurationPlatforms) = preSolution
		Debug|Any CPU = Debug|Any CPU
		Debug|Mixed Platforms = Debug|Mixed Platforms
		Debug|x64 = Debug|x64
		Debug|x86 = Debug|x86
		DialogueMaster.Net test|Any CPU = DialogueMaster.Net test|Any CPU
		DialogueMaster.Net test|Mixed Platforms = DialogueMaster.Net test|Mixed Platforms
		DialogueMaster.Net test|x64 = DialogueMaster.Net test|x64
		DialogueMaster.Net test|x86 = DialogueMaster.Net test|x86
		Release|Any CPU = Release|Any CPU
		Release|Mixed Platforms = Release|Mixed Platforms
		Release|x64 = Release|x64
		Release|x86 = Release|x86
	EndGlobalSection
	GlobalSection(ProjectConfigurationPlatforms) = postSolution
		{60D48DDA-98A5-4165-A449-B10964877D98}.Debug|Any CPU.ActiveCfg = Debug|x86
		{60D48DDA-98A5-4165-A449-B10964877D98}.Debug|Mixed Platforms.ActiveCfg = Debug|x86
		{60D48DDA-98A5-4165-A449-B10964877D98}.Debug|Mixed Platforms.Build.0 = Debug|x86
		{60D48DDA-98A5-4165-A449-B10964877D98}.Debug|x64.ActiveCfg = Debug|x86
		{60D48DDA-98A5-4165-A449-B10964877D98}.Debug|x86.ActiveCfg = Debug|x86
		{60D48DDA-98A5-4165-A449-B10964877D98}.Debug|x86.Build.0 = Debug|x86
		{60D48DDA-98A5-4165-A449-B10964877D98}.DialogueMaster.Net test|Any CPU.ActiveCfg = Debug|x86
		{60D48DDA-98A5-4165-A449-B10964877D98}.DialogueMaster.Net test|Mixed Platforms.ActiveCfg = Debug|x86
		{60D48DDA-98A5-4165-A449-B10964877D98}.DialogueMaster.Net test|Mixed Platforms.Build.0 = Debug|x86
		{60D48DDA-98A5-4165-A449-B10964877D98}.DialogueMaster.Net test|x64.ActiveCfg = Debug|x86
		{60D48DDA-98A5-4165-A449-B10964877D98}.DialogueMaster.Net test|x86.ActiveCfg = Debug|x86
		{60D48DDA-98A5-4165-A449-B10964877D98}.DialogueMaster.Net test|x86.Build.0 = Debug|x86
		{60D48DDA-98A5-4165-A449-B10964877D98}.Release|Any CPU.ActiveCfg = Release|x86
		{60D48DDA-98A5-4165-A449-B10964877D98}.Release|Mixed Platforms.ActiveCfg = Release|x86
		{60D48DDA-98A5-4165-A449-B10964877D98}.Release|Mixed Platforms.Build.0 = Release|x86
		{60D48DDA-98A5-4165-A449-B10964877D98}.Release|x64.ActiveCfg = Release|x86
		{60D48DDA-98A5-4165-A449-B10964877D98}.Release|x86.ActiveCfg = Release|x86
		{60D48DDA-98A5-4165-A449-B10964877D98}.Release|x86.Build.0 = Release|x86
		{84F5550A-BE84-41F6-A207-059C38E1E9BC}.Debug|Any CPU.ActiveCfg = Debug|Any CPU
		{84F5550A-BE84-41F6-A207-059C38E1E9BC}.Debug|Any CPU.Build.0 = Debug|Any CPU
		{84F5550A-BE84-41F6-A207-059C38E1E9BC}.Debug|Mixed Platforms.ActiveCfg = Debug|Any CPU
		{84F5550A-BE84-41F6-A207-059C38E1E9BC}.Debug|Mixed Platforms.Build.0 = Debug|Any CPU
		{84F5550A-BE84-41F6-A207-059C38E1E9BC}.Debug|x64.ActiveCfg = Debug|Any CPU
		{84F5550A-BE84-41F6-A207-059C38E1E9BC}.Debug|x86.ActiveCfg = Debug|Any CPU
		{84F5550A-BE84-41F6-A207-059C38E1E9BC}.DialogueMaster.Net test|Any CPU.ActiveCfg = Debug|Any CPU
		{84F5550A-BE84-41F6-A207-059C38E1E9BC}.DialogueMaster.Net test|Any CPU.Build.0 = Debug|Any CPU
		{84F5550A-BE84-41F6-A207-059C38E1E9BC}.DialogueMaster.Net test|Mixed Platforms.ActiveCfg = Debug|Any CPU
		{84F5550A-BE84-41F6-A207-059C38E1E9BC}.DialogueMaster.Net test|Mixed Platforms.Build.0 = Debug|Any CPU
		{84F5550A-BE84-41F6-A207-059C38E1E9BC}.DialogueMaster.Net test|x64.ActiveCfg = Debug|Any CPU
		{84F5550A-BE84-41F6-A207-059C38E1E9BC}.DialogueMaster.Net test|x86.ActiveCfg = Debug|Any CPU
		{84F5550A-BE84-41F6-A207-059C38E1E9BC}.Release|Any CPU.ActiveCfg = Release|Any CPU
		{84F5550A-BE84-41F6-A207-059C38E1E9BC}.Release|Any CPU.Build.0 = Release|Any CPU
		{84F5550A-BE84-41F6-A207-059C38E1E9BC}.Release|Mixed Platforms.ActiveCfg = Release|Any CPU
		{84F5550A-BE84-41F6-A207-059C38E1E9BC}.Release|Mixed Platforms.Build.0 = Release|Any CPU
		{84F5550A-BE84-41F6-A207-059C38E1E9BC}.Release|x64.ActiveCfg = Release|Any CPU
		{84F5550A-BE84-41F6-A207-059C38E1E9BC}.Release|x86.ActiveCfg = Release|Any CPU
		{FA1BB080-3808-48F3-8B99-932FB15A0A3B}.Debug|Any CPU.ActiveCfg = Debug|Any CPU
		{FA1BB080-3808-48F3-8B99-932FB15A0A3B}.Debug|Any CPU.Build.0 = Debug|Any CPU
		{FA1BB080-3808-48F3-8B99-932FB15A0A3B}.Debug|Mixed Platforms.ActiveCfg = Debug|Any CPU
		{FA1BB080-3808-48F3-8B99-932FB15A0A3B}.Debug|Mixed Platforms.Build.0 = Debug|Any CPU
		{FA1BB080-3808-48F3-8B99-932FB15A0A3B}.Debug|x64.ActiveCfg = Debug|Any CPU
		{FA1BB080-3808-48F3-8B99-932FB15A0A3B}.Debug|x86.ActiveCfg = Debug|Any CPU
		{FA1BB080-3808-48F3-8B99-932FB15A0A3B}.DialogueMaster.Net test|Any CPU.ActiveCfg = Debug|Any CPU
		{FA1BB080-3808-48F3-8B99-932FB15A0A3B}.DialogueMaster.Net test|Any CPU.Build.0 = Debug|Any CPU
		{FA1BB080-3808-48F3-8B99-932FB15A0A3B}.DialogueMaster.Net test|Mixed Platforms.ActiveCfg = Debug|Any CPU
		{FA1BB080-3808-48F3-8B99-932FB15A0A3B}.DialogueMaster.Net test|Mixed Platforms.Build.0 = Debug|Any CPU
		{FA1BB080-3808-48F3-8B99-932FB15A0A3B}.DialogueMaster.Net test|x64.ActiveCfg = Debug|Any CPU
		{FA1BB080-3808-48F3-8B99-932FB15A0A3B}.DialogueMaster.Net test|x86.ActiveCfg = Debug|Any CPU
		{FA1BB080-3808-48F3-8B99-932FB15A0A3B}.Release|Any CPU.ActiveCfg = Release|Any CPU
		{FA1BB080-3808-48F3-8B99-932FB15A0A3B}.Release|Any CPU.Build.0 = Release|Any CPU
		{FA1BB080-3808-48F3-8B99-932FB15A0A3B}.Release|Mixed Platforms.ActiveCfg = Release|Any CPU
		{FA1BB080-3808-48F3-8B99-932FB15A0A3B}.Release|Mixed Platforms.Build.0 = Release|Any CPU
		{FA1BB080-3808-48F3-8B99-932FB15A0A3B}.Release|x64.ActiveCfg = Release|Any CPU
		{FA1BB080-3808-48F3-8B99-932FB15A0A3B}.Release|x86.ActiveCfg = Release|Any CPU
		{64454AF4-A67C-4F7A-B267-AC3AE7179EFC}.Debug|Any CPU.ActiveCfg = Debug|Any CPU
		{64454AF4-A67C-4F7A-B267-AC3AE7179EFC}.Debug|Any CPU.Build.0 = Debug|Any CPU
		{64454AF4-A67C-4F7A-B267-AC3AE7179EFC}.Debug|Mixed Platforms.ActiveCfg = Debug|Any CPU
		{64454AF4-A67C-4F7A-B267-AC3AE7179EFC}.Debug|Mixed Platforms.Build.0 = Debug|Any CPU
		{64454AF4-A67C-4F7A-B267-AC3AE7179EFC}.Debug|x64.ActiveCfg = Debug|Any CPU
		{64454AF4-A67C-4F7A-B267-AC3AE7179EFC}.Debug|x86.ActiveCfg = Debug|Any CPU
		{64454AF4-A67C-4F7A-B267-AC3AE7179EFC}.DialogueMaster.Net test|Any CPU.ActiveCfg = Debug|Any CPU
		{64454AF4-A67C-4F7A-B267-AC3AE7179EFC}.DialogueMaster.Net test|Any CPU.Build.0 = Debug|Any CPU
		{64454AF4-A67C-4F7A-B267-AC3AE7179EFC}.DialogueMaster.Net test|Mixed Platforms.ActiveCfg = Debug|Any CPU
		{64454AF4-A67C-4F7A-B267-AC3AE7179EFC}.DialogueMaster.Net test|Mixed Platforms.Build.0 = Debug|Any CPU
		{64454AF4-A67C-4F7A-B267-AC3AE7179EFC}.DialogueMaster.Net test|x64.ActiveCfg = Debug|Any CPU
		{64454AF4-A67C-4F7A-B267-AC3AE7179EFC}.DialogueMaster.Net test|x86.ActiveCfg = Debug|Any CPU
		{64454AF4-A67C-4F7A-B267-AC3AE7179EFC}.Release|Any CPU.ActiveCfg = Release|Any CPU
		{64454AF4-A67C-4F7A-B267-AC3AE7179EFC}.Release|Any CPU.Build.0 = Release|Any CPU
		{64454AF4-A67C-4F7A-B267-AC3AE7179EFC}.Release|Mixed Platforms.ActiveCfg = Release|Any CPU
		{64454AF4-A67C-4F7A-B267-AC3AE7179EFC}.Release|Mixed Platforms.Build.0 = Release|Any CPU
		{64454AF4-A67C-4F7A-B267-AC3AE7179EFC}.Release|x64.ActiveCfg = Release|Any CPU
		{64454AF4-A67C-4F7A-B267-AC3AE7179EFC}.Release|x86.ActiveCfg = Release|Any CPU
		{F71E3E9C-CD88-4ED1-847F-BD792674FCFF}.Debug|Any CPU.ActiveCfg = Debug|Any CPU
		{F71E3E9C-CD88-4ED1-847F-BD792674FCFF}.Debug|Any CPU.Build.0 = Debug|Any CPU
		{F71E3E9C-CD88-4ED1-847F-BD792674FCFF}.Debug|Mixed Platforms.ActiveCfg = Debug|Any CPU
		{F71E3E9C-CD88-4ED1-847F-BD792674FCFF}.Debug|Mixed Platforms.Build.0 = Debug|Any CPU
		{F71E3E9C-CD88-4ED1-847F-BD792674FCFF}.Debug|x64.ActiveCfg = Debug|Any CPU
		{F71E3E9C-CD88-4ED1-847F-BD792674FCFF}.Debug|x86.ActiveCfg = Debug|Any CPU
		{F71E3E9C-CD88-4ED1-847F-BD792674FCFF}.DialogueMaster.Net test|Any CPU.ActiveCfg = Debug|Any CPU
		{F71E3E9C-CD88-4ED1-847F-BD792674FCFF}.DialogueMaster.Net test|Any CPU.Build.0 = Debug|Any CPU
		{F71E3E9C-CD88-4ED1-847F-BD792674FCFF}.DialogueMaster.Net test|Mixed Platforms.ActiveCfg = Debug|Any CPU
		{F71E3E9C-CD88-4ED1-847F-BD792674FCFF}.DialogueMaster.Net test|Mixed Platforms.Build.0 = Debug|Any CPU
		{F71E3E9C-CD88-4ED1-847F-BD792674FCFF}.DialogueMaster.Net test|x64.ActiveCfg = Debug|Any CPU
		{F71E3E9C-CD88-4ED1-847F-BD792674FCFF}.DialogueMaster.Net test|x86.ActiveCfg = Debug|Any CPU
		{F71E3E9C-CD88-4ED1-847F-BD792674FCFF}.Release|Any CPU.ActiveCfg = Release|Any CPU
		{F71E3E9C-CD88-4ED1-847F-BD792674FCFF}.Release|Any CPU.Build.0 = Release|Any CPU
		{F71E3E9C-CD88-4ED1-847F-BD792674FCFF}.Release|Mixed Platforms.ActiveCfg = Release|Any CPU
		{F71E3E9C-CD88-4ED1-847F-BD792674FCFF}.Release|Mixed Platforms.Build.0 = Release|Any CPU
		{F71E3E9C-CD88-4ED1-847F-BD792674FCFF}.Release|x64.ActiveCfg = Release|Any CPU
		{F71E3E9C-CD88-4ED1-847F-BD792674FCFF}.Release|x86.ActiveCfg = Release|Any CPU
		{1691194F-E433-4A77-8A8C-17DBA3EFC841}.Debug|Any CPU.ActiveCfg = Debug|x86
		{1691194F-E433-4A77-8A8C-17DBA3EFC841}.Debug|Mixed Platforms.ActiveCfg = Debug|x86
		{1691194F-E433-4A77-8A8C-17DBA3EFC841}.Debug|Mixed Platforms.Build.0 = Debug|x86
		{1691194F-E433-4A77-8A8C-17DBA3EFC841}.Debug|x64.ActiveCfg = Debug|x86
		{1691194F-E433-4A77-8A8C-17DBA3EFC841}.Debug|x86.ActiveCfg = Debug|x86
		{1691194F-E433-4A77-8A8C-17DBA3EFC841}.Debug|x86.Build.0 = Debug|x86
		{1691194F-E433-4A77-8A8C-17DBA3EFC841}.DialogueMaster.Net test|Any CPU.ActiveCfg = Debug|x86
		{1691194F-E433-4A77-8A8C-17DBA3EFC841}.DialogueMaster.Net test|Mixed Platforms.ActiveCfg = Debug|x86
		{1691194F-E433-4A77-8A8C-17DBA3EFC841}.DialogueMaster.Net test|Mixed Platforms.Build.0 = Debug|x86
		{1691194F-E433-4A77-8A8C-17DBA3EFC841}.DialogueMaster.Net test|x64.ActiveCfg = Debug|x86
		{1691194F-E433-4A77-8A8C-17DBA3EFC841}.DialogueMaster.Net test|x86.ActiveCfg = Debug|x86
		{1691194F-E433-4A77-8A8C-17DBA3EFC841}.DialogueMaster.Net test|x86.Build.0 = Debug|x86
		{1691194F-E433-4A77-8A8C-17DBA3EFC841}.Release|Any CPU.ActiveCfg = Release|x86
		{1691194F-E433-4A77-8A8C-17DBA3EFC841}.Release|Mixed Platforms.ActiveCfg = Release|x86
		{1691194F-E433-4A77-8A8C-17DBA3EFC841}.Release|Mixed Platforms.Build.0 = Release|x86
		{1691194F-E433-4A77-8A8C-17DBA3EFC841}.Release|x64.ActiveCfg = Release|x86
		{1691194F-E433-4A77-8A8C-17DBA3EFC841}.Release|x86.ActiveCfg = Release|x86
		{1691194F-E433-4A77-8A8C-17DBA3EFC841}.Release|x86.Build.0 = Release|x86
		{5D4AD9BE-1FFB-41AB-9943-25737971BF57}.Debug|Any CPU.ActiveCfg = Debug|Any CPU
		{5D4AD9BE-1FFB-41AB-9943-25737971BF57}.Debug|Any CPU.Build.0 = Debug|Any CPU
		{5D4AD9BE-1FFB-41AB-9943-25737971BF57}.Debug|Mixed Platforms.ActiveCfg = Debug|Any CPU
		{5D4AD9BE-1FFB-41AB-9943-25737971BF57}.Debug|Mixed Platforms.Build.0 = Debug|Any CPU
		{5D4AD9BE-1FFB-41AB-9943-25737971BF57}.Debug|x64.ActiveCfg = Debug|Any CPU
		{5D4AD9BE-1FFB-41AB-9943-25737971BF57}.Debug|x86.ActiveCfg = Debug|Any CPU
		{5D4AD9BE-1FFB-41AB-9943-25737971BF57}.DialogueMaster.Net test|Any CPU.ActiveCfg = Debug|Any CPU
		{5D4AD9BE-1FFB-41AB-9943-25737971BF57}.DialogueMaster.Net test|Any CPU.Build.0 = Debug|Any CPU
		{5D4AD9BE-1FFB-41AB-9943-25737971BF57}.DialogueMaster.Net test|Mixed Platforms.ActiveCfg = Debug|Any CPU
		{5D4AD9BE-1FFB-41AB-9943-25737971BF57}.DialogueMaster.Net test|Mixed Platforms.Build.0 = Debug|Any CPU
		{5D4AD9BE-1FFB-41AB-9943-25737971BF57}.DialogueMaster.Net test|x64.ActiveCfg = Debug|Any CPU
		{5D4AD9BE-1FFB-41AB-9943-25737971BF57}.DialogueMaster.Net test|x86.ActiveCfg = Debug|Any CPU
		{5D4AD9BE-1FFB-41AB-9943-25737971BF57}.Release|Any CPU.ActiveCfg = Release|Any CPU
		{5D4AD9BE-1FFB-41AB-9943-25737971BF57}.Release|Any CPU.Build.0 = Release|Any CPU
		{5D4AD9BE-1FFB-41AB-9943-25737971BF57}.Release|Mixed Platforms.ActiveCfg = Release|Any CPU
		{5D4AD9BE-1FFB-41AB-9943-25737971BF57}.Release|Mixed Platforms.Build.0 = Release|Any CPU
		{5D4AD9BE-1FFB-41AB-9943-25737971BF57}.Release|x64.ActiveCfg = Release|Any CPU
		{5D4AD9BE-1FFB-41AB-9943-25737971BF57}.Release|x86.ActiveCfg = Release|Any CPU
		{58CCB801-C23A-45A0-B60E-295053833DFE}.Debug|Any CPU.ActiveCfg = Debug|x86
		{58CCB801-C23A-45A0-B60E-295053833DFE}.Debug|Mixed Platforms.ActiveCfg = Debug|x86
		{58CCB801-C23A-45A0-B60E-295053833DFE}.Debug|Mixed Platforms.Build.0 = Debug|x86
		{58CCB801-C23A-45A0-B60E-295053833DFE}.Debug|x64.ActiveCfg = Debug|x86
		{58CCB801-C23A-45A0-B60E-295053833DFE}.Debug|x86.ActiveCfg = Debug|x86
		{58CCB801-C23A-45A0-B60E-295053833DFE}.Debug|x86.Build.0 = Debug|x86
		{58CCB801-C23A-45A0-B60E-295053833DFE}.DialogueMaster.Net test|Any CPU.ActiveCfg = Debug|x86
		{58CCB801-C23A-45A0-B60E-295053833DFE}.DialogueMaster.Net test|Mixed Platforms.ActiveCfg = Debug|x86
		{58CCB801-C23A-45A0-B60E-295053833DFE}.DialogueMaster.Net test|Mixed Platforms.Build.0 = Debug|x86
		{58CCB801-C23A-45A0-B60E-295053833DFE}.DialogueMaster.Net test|x64.ActiveCfg = Debug|x86
		{58CCB801-C23A-45A0-B60E-295053833DFE}.DialogueMaster.Net test|x86.ActiveCfg = Debug|x86
		{58CCB801-C23A-45A0-B60E-295053833DFE}.DialogueMaster.Net test|x86.Build.0 = Debug|x86
		{58CCB801-C23A-45A0-B60E-295053833DFE}.Release|Any CPU.ActiveCfg = Release|x86
		{58CCB801-C23A-45A0-B60E-295053833DFE}.Release|Mixed Platforms.ActiveCfg = Release|x86
		{58CCB801-C23A-45A0-B60E-295053833DFE}.Release|Mixed Platforms.Build.0 = Release|x86
		{58CCB801-C23A-45A0-B60E-295053833DFE}.Release|x64.ActiveCfg = Release|x86
		{58CCB801-C23A-45A0-B60E-295053833DFE}.Release|x86.ActiveCfg = Release|x86
		{58CCB801-C23A-45A0-B60E-295053833DFE}.Release|x86.Build.0 = Release|x86
	EndGlobalSection
	GlobalSection(SolutionProperties) = preSolution
		HideSolutionNode = FALSE
	EndGlobalSection
EndGlobal
